github.com/bmizerany/assert v0.0.0-20160611221934-b7ed37b82869 h1:DDGfHa7BWjL4YnC6+E63dPcxHo2sUxDIu8g3QgEJdRY=
github.com/bmizerany/assert v0.0.0-20160611221934-b7ed37b82869/go.mod h1:Ekp36dRnpXw/yCqJaO+ZrUyxD+3VXMFFr56k5XYrpB4=
github.com/camelva/erzo v0.0.0-20200403131340-8c4df51b6c72 h1:0nLWE1CjR5WYDAFDWX1pjjNut5Vc7u1JMdZz17LZxHo=
github.com/camelva/erzo v0.0.0-20200403131340-8c4df51b6c72/go.mod h1:Pqzlp8KKZ8KKIwUQkna8Bfbf+XIX3cpjTAnTYUk/EX4=
github.com/go-telegram-bot-api/telegram-bot-api v4.6.5-0.20190904012038-b33efeebc785+incompatible h1:OT02onvXX618RBcjxeUA4H7d1PSm5Apg4IET72VgVlE=
github.com/go-telegram-bot-api/telegram-bot-api v4.6.5-0.20190904012038-b33efeebc785+incompatible/go.mod h1:qf9acutJ8cwBUhm1bqgz6Bei9/C/c93FPDljKWwsOgM=
github.com/kelseyhightower/envconfig v1.4.0 h1:Im6hONhd3pLkfDFsbRgu68RDNkGF1r3dvMUtDTo2cv8=
github.com/kelseyhightower/envconfig v1.4.0/go.mod h1:cccZRl6mQpaq41TPp5QxidR+Sa3axMbJDNb//FQX6Gg=
github.com/kr/pretty v0.2.0 h1:s5hAObm+yFO5uHYt5dYjxi2rXrsnmRpJx4OYvIWUaQs=
github.com/kr/pretty v0.2.0/go.mod h1:ipq/a2n7PKx3OHsz4KJII5eveXtPO4qwEXGdVfWzfnI=
github.com/kr/pty v1.1.1/go.mod h1:pFQYn66WHrOpPYNljwOMqo10TkYh1fy3cYio2l3bCsQ=
github.com/kr/text v0.1.0 h1:45sCR5RtlFHMR4UwH9sdQ5TC8v0qDQCHnXt+kaKSTVE=
github.com/kr/text v0.1.0/go.mod h1:4Jbv+DJW3UT/LiOwJeYQe1efqtUx/iVham/4vfdArNI=
github.com/segmentio/backo-go v0.0.0-20200129164019-23eae7c10bd3 h1:ZuhckGJ10ulaKkdvJtiAqsLTiPrLaXSdnVgXJKJkTxE=
github.com/segmentio/backo-go v0.0.0-20200129164019-23eae7c10bd3/go.mod h1:9/Rh6yILuLysoQnZ2oNooD2g7aBnvM7r/fNVxRNWfBc=
github.com/technoweenie/multipartstreamer v1.0.1 h1:XRztA5MXiR1TIRHxH2uNxXxaIkKQDeX7m2XsSOlQEnM=
github.com/technoweenie/multipartstreamer v1.0.1/go.mod h1:jNVxdtShOxzAsukZwTSw6MDx5eUJoiEBsSvzDU9uzog=
github.com/xtgo/uuid v0.0.0-20140804021211-a0b114877d4c h1:3lbZUMbMiGUW/LMkfsEABsc5zNT9+b1CvsJx47JzJ8g=
github.com/xtgo/uuid v0.0.0-20140804021211-a0b114877d4c/go.mod h1:UrdRz5enIKZ63MEE3IF9l2/ebyx59GyGgPi+tICQdmM=
gopkg.in/check.v1 v0.0.0-20161208181325-20d25e280405 h1:yhCVgyC4o1eVCa2tZl7eS0r+SDo693bJlVdllGtEeKM=
gopkg.in/check.v1 v0.0.0-20161208181325-20d25e280405/go.mod h1:Co6ibVJAznAaIkqp8huTwlJQCZ016jof/cbN4VW5Yz0=
gopkg.in/segmentio/analytics-go.v3 v3.1.0 h1:UzxH1uaGZRpMKDhJyBz0pexz6yUoBU3x8bJsRk/HV6U=
gopkg.in/segmentio/analytics-go.v3 v3.1.0/go.mod h1:4QqqlTlSSpVlWA9/9nDcPw+FkM2yv1NQoYjUbL9/JAw=
gopkg.in/yaml.v2 v2.2.8 h1:obN1ZagJSUGI0Ek/LBmuj4SNLPfIny3KsKFopxRdj10=
gopkg.in/yaml.v2 v2.2.8/go.mod h1:hI93XBmqTisBFMUTm0b8Fm+jr3Dg1NNxqwp+5A1VGuI=
